
Microsoft Visual Studio Solution File, Format Version 12.00
# Visual Studio Version 17
VisualStudioVersion = 17.14.36511.14
MinimumVisualStudioVersion = 10.0.40219.1
Project("{FAE04EC0-301F-11D3-BF4B-00C04F79EFBC}") = "Blazor.Chat.App.AppHost", "src\Blazor.Chat.App\Blazor.Chat.App.AppHost\Blazor.Chat.App.AppHost.csproj", "{45A385D3-A501-48D4-A891-0852B4C4C10C}"
EndProject
Project("{FAE04EC0-301F-11D3-BF4B-00C04F79EFBC}") = "Blazor.Chat.App.ServiceDefaults", "src\Blazor.Chat.App\Blazor.Chat.App.ServiceDefaults\Blazor.Chat.App.ServiceDefaults.csproj", "{49585FC7-AFA5-3BC3-7611-99EFFBBE2148}"
EndProject
Project("{FAE04EC0-301F-11D3-BF4B-00C04F79EFBC}") = "Blazor.Chat.App.ApiService", "src\Blazor.Chat.App\Blazor.Chat.App.ApiService\Blazor.Chat.App.ApiService.csproj", "{D466C786-1585-D405-A1FA-47B280F64189}"
EndProject
Project("{FAE04EC0-301F-11D3-BF4B-00C04F79EFBC}") = "Blazor.Chat.App.Web", "src\Blazor.Chat.App\Blazor.Chat.App.Web\Blazor.Chat.App.Web.csproj", "{34DEC40A-4D82-590D-F3C2-2CD37AE96DFF}"
EndProject
Project("{FAE04EC0-301F-11D3-BF4B-00C04F79EFBC}") = "Blazor.Chat.App.Data", "src\Blazor.Chat.App\Blazor.Chat.App.Data\Blazor.Chat.App.Data.csproj", "{05122283-2EB4-4073-873C-A6DF56F98EAD}"
EndProject
Project("{FAE04EC0-301F-11D3-BF4B-00C04F79EFBC}") = "Blazor.Chat.App.ApiService.Tests", "src\Blazor.Chat.App\Blazor.Chat.App.ApiService.Tests\Blazor.Chat.App.ApiService.Tests.csproj", "{869127AB-D099-4FE0-8EE9-EF241E16A0DE}"
EndProject
Project("{FAE04EC0-301F-11D3-BF4B-00C04F79EFBC}") = "Blazor.Chat.App.Data.Tests", "src\Blazor.Chat.App\Blazor.Chat.App.Data.Tests\Blazor.Chat.App.Data.Tests.csproj", "{A20188D3-4BED-4276-956B-6A22B88298EC}"
EndProject
Project("{FAE04EC0-301F-11D3-BF4B-00C04F79EFBC}") = "Blazor.Chat.App.Web.Tests", "src\Blazor.Chat.App\Blazor.Chat.App.Web.Tests\Blazor.Chat.App.Web.Tests.csproj", "{ACE4D5C0-E884-4087-5C15-80A5EA5555F1}"
EndProject
Global
	GlobalSection(SolutionConfigurationPlatforms) = preSolution
		Debug|Any CPU = Debug|Any CPU
		Release|Any CPU = Release|Any CPU
	EndGlobalSection
	GlobalSection(ProjectConfigurationPlatforms) = postSolution
		{45A385D3-A501-48D4-A891-0852B4C4C10C}.Debug|Any CPU.ActiveCfg = Debug|Any CPU
		{45A385D3-A501-48D4-A891-0852B4C4C10C}.Debug|Any CPU.Build.0 = Debug|Any CPU
		{45A385D3-A501-48D4-A891-0852B4C4C10C}.Release|Any CPU.ActiveCfg = Release|Any CPU
		{45A385D3-A501-48D4-A891-0852B4C4C10C}.Release|Any CPU.Build.0 = Release|Any CPU
		{49585FC7-AFA5-3BC3-7611-99EFFBBE2148}.Debug|Any CPU.ActiveCfg = Debug|Any CPU
		{49585FC7-AFA5-3BC3-7611-99EFFBBE2148}.Debug|Any CPU.Build.0 = Debug|Any CPU
		{49585FC7-AFA5-3BC3-7611-99EFFBBE2148}.Release|Any CPU.ActiveCfg = Release|Any CPU
		{49585FC7-AFA5-3BC3-7611-99EFFBBE2148}.Release|Any CPU.Build.0 = Release|Any CPU
		{D466C786-1585-D405-A1FA-47B280F64189}.Debug|Any CPU.ActiveCfg = Debug|Any CPU
		{D466C786-1585-D405-A1FA-47B280F64189}.Debug|Any CPU.Build.0 = Debug|Any CPU
		{D466C786-1585-D405-A1FA-47B280F64189}.Release|Any CPU.ActiveCfg = Release|Any CPU
		{D466C786-1585-D405-A1FA-47B280F64189}.Release|Any CPU.Build.0 = Release|Any CPU
		{34DEC40A-4D82-590D-F3C2-2CD37AE96DFF}.Debug|Any CPU.ActiveCfg = Debug|Any CPU
		{34DEC40A-4D82-590D-F3C2-2CD37AE96DFF}.Debug|Any CPU.Build.0 = Debug|Any CPU
		{34DEC40A-4D82-590D-F3C2-2CD37AE96DFF}.Release|Any CPU.ActiveCfg = Release|Any CPU
		{34DEC40A-4D82-590D-F3C2-2CD37AE96DFF}.Release|Any CPU.Build.0 = Release|Any CPU
		{05122283-2EB4-4073-873C-A6DF56F98EAD}.Debug|Any CPU.ActiveCfg = Debug|Any CPU
		{05122283-2EB4-4073-873C-A6DF56F98EAD}.Debug|Any CPU.Build.0 = Debug|Any CPU
		{05122283-2EB4-4073-873C-A6DF56F98EAD}.Release|Any CPU.ActiveCfg = Release|Any CPU
		{05122283-2EB4-4073-873C-A6DF56F98EAD}.Release|Any CPU.Build.0 = Release|Any CPU
		{869127AB-D099-4FE0-8EE9-EF241E16A0DE}.Debug|Any CPU.ActiveCfg = Debug|Any CPU
		{869127AB-D099-4FE0-8EE9-EF241E16A0DE}.Debug|Any CPU.Build.0 = Debug|Any CPU
		{869127AB-D099-4FE0-8EE9-EF241E16A0DE}.Release|Any CPU.ActiveCfg = Release|Any CPU
		{869127AB-D099-4FE0-8EE9-EF241E16A0DE}.Release|Any CPU.Build.0 = Release|Any CPU
		{A20188D3-4BED-4276-956B-6A22B88298EC}.Debug|Any CPU.ActiveCfg = Debug|Any CPU
		{A20188D3-4BED-4276-956B-6A22B88298EC}.Debug|Any CPU.Build.0 = Debug|Any CPU
		{A20188D3-4BED-4276-956B-6A22B88298EC}.Release|Any CPU.ActiveCfg = Release|Any CPU
		{A20188D3-4BED-4276-956B-6A22B88298EC}.Release|Any CPU.Build.0 = Release|Any CPU
		{ACE4D5C0-E884-4087-5C15-80A5EA5555F1}.Debug|Any CPU.ActiveCfg = Debug|Any CPU
		{ACE4D5C0-E884-4087-5C15-80A5EA5555F1}.Debug|Any CPU.Build.0 = Debug|Any CPU
		{ACE4D5C0-E884-4087-5C15-80A5EA5555F1}.Release|Any CPU.ActiveCfg = Release|Any CPU
		{ACE4D5C0-E884-4087-5C15-80A5EA5555F1}.Release|Any CPU.Build.0 = Release|Any CPU
	EndGlobalSection
	GlobalSection(SolutionProperties) = preSolution
		HideSolutionNode = FALSE
	EndGlobalSection
	GlobalSection(ExtensibilityGlobals) = postSolution
		SolutionGuid = {B933DA56-9355-46AE-95F5-6D697843D6B0}
	EndGlobalSection
EndGlobal
